{
  "version": 4,
  "terraform_version": "1.4.5",
  "serial": 1,
  "lineage": "7f2ccdf0-a411-7238-6497-8f5bc4287426",
  "outputs": {},
  "resources": [
    {
      "mode": "managed",
      "type": "local_file",
      "name": "vijai",
      "provider": "provider[\"registry.terraform.io/hashicorp/local\"]",
      "instances": [
        {
          "schema_version": 0,
          "attributes": {
            "content": "Vijai Test 1",
            "content_base64": null,
            "content_base64sha256": "5H0AsInPw+waTZYJbysFPdJnnPRsC3xHnwil/cVVA0g=",
            "content_base64sha512": "DM6ZSHDIgQ3pAOsEeVJPg0E7EpthbgNGrlLv02vNuyXKWzs/4I2NT6Tm30aXTfzcTq7uTWu1qnKWR/oUV5yY1w==",
            "content_md5": "e74e17ad4d191ff5574fd471be50e9ec",
            "content_sha1": "2241702f82dccd78dfc5fa32feb6c6316f937100",
            "content_sha256": "e47d00b089cfc3ec1a4d96096f2b053dd2679cf46c0b7c479f08a5fdc5550348",
            "content_sha512": "0cce994870c8810de900eb0479524f83413b129b616e0346ae52efd36bcdbb25ca5b3b3fe08d8d4fa4e6df46974dfcdc4eaeee4d6bb5aa729647fa14579c98d7",
            "directory_permission": "0777",
            "file_permission": "0777",
            "filename": "/mnt/d/Learning/Playgrounds/terraform_playground/first-tf-code/result.txt",
            "id": "2241702f82dccd78dfc5fa32feb6c6316f937100",
            "sensitive_content": null,
            "source": null
          },
          "sensitive_attributes": []
        }
      ]
    }
  ],
  "check_results": null
}
