{
  "version": 4,
  "terraform_version": "1.4.5",
  "serial": 3,
  "lineage": "7f2ccdf0-a411-7238-6497-8f5bc4287426",
  "outputs": {},
  "resources": [
    {
      "mode": "managed",
      "type": "local_file",
      "name": "vijai",
      "provider": "provider[\"registry.terraform.io/hashicorp/local\"]",
      "instances": [
        {
          "schema_version": 0,
          "attributes": {
            "content": "Vijai Test 1",
            "content_base64": null,
            "content_base64sha256": "5H0AsInPw+waTZYJbysFPdJnnPRsC3xHnwil/cVVA0g=",
            "content_base64sha512": "DM6ZSHDIgQ3pAOsEeVJPg0E7EpthbgNGrlLv02vNuyXKWzs/4I2NT6Tm30aXTfzcTq7uTWu1qnKWR/oUV5yY1w==",
            "content_md5": "e74e17ad4d191ff5574fd471be50e9ec",
            "content_sha1": "2241702f82dccd78dfc5fa32feb6c6316f937100",
            "content_sha256": "e47d00b089cfc3ec1a4d96096f2b053dd2679cf46c0b7c479f08a5fdc5550348",
            "content_sha512": "0cce994870c8810de900eb0479524f83413b129b616e0346ae52efd36bcdbb25ca5b3b3fe08d8d4fa4e6df46974dfcdc4eaeee4d6bb5aa729647fa14579c98d7",
            "directory_permission": "0777",
            "file_permission": "0777",
            "filename": "/mnt/d/Learning/Playgrounds/terraform_playground/first-tf-code/result.txt",
            "id": "2241702f82dccd78dfc5fa32feb6c6316f937100",
            "sensitive_content": null,
            "source": null
          },
          "sensitive_attributes": []
        }
      ]
    },
    {
      "mode": "managed",
      "type": "local_sensitive_file",
      "name": "vijai-sensitive",
      "provider": "provider[\"registry.terraform.io/hashicorp/local\"]",
      "instances": [
        {
          "schema_version": 0,
          "attributes": {
            "content": "Vijai Test 2",
            "content_base64": null,
            "content_base64sha256": "c07j9b3Dp2bwmIOA7vm7nhGMgLVd1nV2S9n8gVH3rEo=",
            "content_base64sha512": "cB6aBi8DP/pWdc51loPku8FVxblNBdAXetYK0OGmG5/XZVZgPN2QsFMOtXOF5DbMZA19xMYDA4BDShza/FSPAg==",
            "content_md5": "6519b6cbb76760eed404c41f4cee06ff",
            "content_sha1": "0715e991ca21d19fe56ba1636f2b66aa9bf295f2",
            "content_sha256": "734ee3f5bdc3a766f0988380eef9bb9e118c80b55dd675764bd9fc8151f7ac4a",
            "content_sha512": "701e9a062f033ffa5675ce759683e4bbc155c5b94d05d0177ad60ad0e1a61b9fd76556603cdd90b0530eb57385e436cc640d7dc4c6030380434a1cdafc548f02",
            "directory_permission": "0700",
            "file_permission": "0700",
            "filename": "/mnt/d/Learning/Playgrounds/terraform_playground/first-tf-code/result1.txt",
            "id": "0715e991ca21d19fe56ba1636f2b66aa9bf295f2",
            "source": null
          },
          "sensitive_attributes": []
        }
      ]
    }
  ],
  "check_results": null
}
